
Microsoft Visual Studio Solution File, Format Version 12.00
# Visual Studio Version 17
VisualStudioVersion = 17.11.35327.3
MinimumVisualStudioVersion = 10.0.40219.1
Project("{FAE04EC0-301F-11D3-BF4B-00C04F79EFBC}") = "program_4", "program_4.csproj", "{9274F6A1-34AF-42D4-8F1C-B4AC62D91E0C}"
EndProject
Global
	GlobalSection(SolutionConfigurationPlatforms) = preSolution
		Debug|Any CPU = Debug|Any CPU
		Release|Any CPU = Release|Any CPU
	EndGlobalSection
	GlobalSection(ProjectConfigurationPlatforms) = postSolution
		{9274F6A1-34AF-42D4-8F1C-B4AC62D91E0C}.Debug|Any CPU.ActiveCfg = Debug|Any CPU
		{9274F6A1-34AF-42D4-8F1C-B4AC62D91E0C}.Debug|Any CPU.Build.0 = Debug|Any CPU
		{9274F6A1-34AF-42D4-8F1C-B4AC62D91E0C}.Release|Any CPU.ActiveCfg = Release|Any CPU
		{9274F6A1-34AF-42D4-8F1C-B4AC62D91E0C}.Release|Any CPU.Build.0 = Release|Any CPU
	EndGlobalSection
	GlobalSection(SolutionProperties) = preSolution
		HideSolutionNode = FALSE
	EndGlobalSection
	GlobalSection(ExtensibilityGlobals) = postSolution
		SolutionGuid = {7DC39D68-86F7-45EB-BAB5-24EE41E322E1}
	EndGlobalSection
EndGlobal
